
Microsoft Visual Studio Solution File, Format Version 12.00
# Visual Studio Version 16
VisualStudioVersion = 16.0.30225.117
MinimumVisualStudioVersion = 10.0.40219.1
Project("{FAE04EC0-301F-11D3-BF4B-00C04F79EFBC}") = "CodeSyntaxHighlighter", "CodeSyntaxHighlighter\CodeSyntaxHighlighter.csproj", "{15B5FE54-C1C1-4399-92F3-2C52BD41FABF}"
EndProject
Project("{FAE04EC0-301F-11D3-BF4B-00C04F79EFBC}") = "CSHSampleApp", "CSHSampleApp\CSHSampleApp.csproj", "{64B2B637-6849-47ED-9A60-EC93C87A1BE8}"
EndProject
Global
	GlobalSection(SolutionConfigurationPlatforms) = preSolution
		Debug|Any CPU = Debug|Any CPU
		Debug|ARM = Debug|ARM
		Debug|ARM64 = Debug|ARM64
		Debug|x64 = Debug|x64
		Debug|x86 = Debug|x86
		Release|Any CPU = Release|Any CPU
		Release|ARM = Release|ARM
		Release|ARM64 = Release|ARM64
		Release|x64 = Release|x64
		Release|x86 = Release|x86
	EndGlobalSection
	GlobalSection(ProjectConfigurationPlatforms) = postSolution
		{15B5FE54-C1C1-4399-92F3-2C52BD41FABF}.Debug|Any CPU.ActiveCfg = Debug|Any CPU
		{15B5FE54-C1C1-4399-92F3-2C52BD41FABF}.Debug|Any CPU.Build.0 = Debug|Any CPU
		{15B5FE54-C1C1-4399-92F3-2C52BD41FABF}.Debug|ARM.ActiveCfg = Debug|ARM
		{15B5FE54-C1C1-4399-92F3-2C52BD41FABF}.Debug|ARM.Build.0 = Debug|ARM
		{15B5FE54-C1C1-4399-92F3-2C52BD41FABF}.Debug|ARM64.ActiveCfg = Debug|ARM64
		{15B5FE54-C1C1-4399-92F3-2C52BD41FABF}.Debug|ARM64.Build.0 = Debug|ARM64
		{15B5FE54-C1C1-4399-92F3-2C52BD41FABF}.Debug|x64.ActiveCfg = Debug|x64
		{15B5FE54-C1C1-4399-92F3-2C52BD41FABF}.Debug|x64.Build.0 = Debug|x64
		{15B5FE54-C1C1-4399-92F3-2C52BD41FABF}.Debug|x86.ActiveCfg = Debug|x86
		{15B5FE54-C1C1-4399-92F3-2C52BD41FABF}.Debug|x86.Build.0 = Debug|x86
		{15B5FE54-C1C1-4399-92F3-2C52BD41FABF}.Release|Any CPU.ActiveCfg = Release|Any CPU
		{15B5FE54-C1C1-4399-92F3-2C52BD41FABF}.Release|Any CPU.Build.0 = Release|Any CPU
		{15B5FE54-C1C1-4399-92F3-2C52BD41FABF}.Release|ARM.ActiveCfg = Release|ARM
		{15B5FE54-C1C1-4399-92F3-2C52BD41FABF}.Release|ARM.Build.0 = Release|ARM
		{15B5FE54-C1C1-4399-92F3-2C52BD41FABF}.Release|ARM64.ActiveCfg = Release|ARM64
		{15B5FE54-C1C1-4399-92F3-2C52BD41FABF}.Release|ARM64.Build.0 = Release|ARM64
		{15B5FE54-C1C1-4399-92F3-2C52BD41FABF}.Release|x64.ActiveCfg = Release|x64
		{15B5FE54-C1C1-4399-92F3-2C52BD41FABF}.Release|x64.Build.0 = Release|x64
		{15B5FE54-C1C1-4399-92F3-2C52BD41FABF}.Release|x86.ActiveCfg = Release|x86
		{15B5FE54-C1C1-4399-92F3-2C52BD41FABF}.Release|x86.Build.0 = Release|x86
		{64B2B637-6849-47ED-9A60-EC93C87A1BE8}.Debug|Any CPU.ActiveCfg = Debug|x86
		{64B2B637-6849-47ED-9A60-EC93C87A1BE8}.Debug|Any CPU.Build.0 = Debug|x86
		{64B2B637-6849-47ED-9A60-EC93C87A1BE8}.Debug|Any CPU.Deploy.0 = Debug|x86
		{64B2B637-6849-47ED-9A60-EC93C87A1BE8}.Debug|ARM.ActiveCfg = Debug|ARM
		{64B2B637-6849-47ED-9A60-EC93C87A1BE8}.Debug|ARM.Build.0 = Debug|ARM
		{64B2B637-6849-47ED-9A60-EC93C87A1BE8}.Debug|ARM.Deploy.0 = Debug|ARM
		{64B2B637-6849-47ED-9A60-EC93C87A1BE8}.Debug|ARM64.ActiveCfg = Debug|ARM64
		{64B2B637-6849-47ED-9A60-EC93C87A1BE8}.Debug|ARM64.Build.0 = Debug|ARM64
		{64B2B637-6849-47ED-9A60-EC93C87A1BE8}.Debug|ARM64.Deploy.0 = Debug|ARM64
		{64B2B637-6849-47ED-9A60-EC93C87A1BE8}.Debug|x64.ActiveCfg = Debug|x64
		{64B2B637-6849-47ED-9A60-EC93C87A1BE8}.Debug|x64.Build.0 = Debug|x64
		{64B2B637-6849-47ED-9A60-EC93C87A1BE8}.Debug|x64.Deploy.0 = Debug|x64
		{64B2B637-6849-47ED-9A60-EC93C87A1BE8}.Debug|x86.ActiveCfg = Debug|x86
		{64B2B637-6849-47ED-9A60-EC93C87A1BE8}.Debug|x86.Build.0 = Debug|x86
		{64B2B637-6849-47ED-9A60-EC93C87A1BE8}.Debug|x86.Deploy.0 = Debug|x86
		{64B2B637-6849-47ED-9A60-EC93C87A1BE8}.Release|Any CPU.ActiveCfg = Release|x86
		{64B2B637-6849-47ED-9A60-EC93C87A1BE8}.Release|ARM.ActiveCfg = Release|ARM
		{64B2B637-6849-47ED-9A60-EC93C87A1BE8}.Release|ARM.Build.0 = Release|ARM
		{64B2B637-6849-47ED-9A60-EC93C87A1BE8}.Release|ARM.Deploy.0 = Release|ARM
		{64B2B637-6849-47ED-9A60-EC93C87A1BE8}.Release|ARM64.ActiveCfg = Release|ARM64
		{64B2B637-6849-47ED-9A60-EC93C87A1BE8}.Release|ARM64.Build.0 = Release|ARM64
		{64B2B637-6849-47ED-9A60-EC93C87A1BE8}.Release|ARM64.Deploy.0 = Release|ARM64
		{64B2B637-6849-47ED-9A60-EC93C87A1BE8}.Release|x64.ActiveCfg = Release|x64
		{64B2B637-6849-47ED-9A60-EC93C87A1BE8}.Release|x64.Build.0 = Release|x64
		{64B2B637-6849-47ED-9A60-EC93C87A1BE8}.Release|x64.Deploy.0 = Release|x64
		{64B2B637-6849-47ED-9A60-EC93C87A1BE8}.Release|x86.ActiveCfg = Release|x86
		{64B2B637-6849-47ED-9A60-EC93C87A1BE8}.Release|x86.Build.0 = Release|x86
		{64B2B637-6849-47ED-9A60-EC93C87A1BE8}.Release|x86.Deploy.0 = Release|x86
	EndGlobalSection
	GlobalSection(SolutionProperties) = preSolution
		HideSolutionNode = FALSE
	EndGlobalSection
	GlobalSection(ExtensibilityGlobals) = postSolution
		SolutionGuid = {A489F28A-1459-499F-90C4-8E272E5F4412}
	EndGlobalSection
EndGlobal
